// !$*UTF8*$!
{
	archiveVersion = 1;
	classes = {
	};
	objectVersion = 50;
	objects = {

/* Begin PBXBuildFile section */
		D229724822365CEE00FD8435 /* AppDelegate.swift in Sources */ = {isa = PBXBuildFile; fileRef = D229724722365CEE00FD8435 /* AppDelegate.swift */; };
		D229724A22365CEE00FD8435 /* TodoListViewController.swift in Sources */ = {isa = PBXBuildFile; fileRef = D229724922365CEE00FD8435 /* TodoListViewController.swift */; };
		D229724D22365CEE00FD8435 /* Main.storyboard in Resources */ = {isa = PBXBuildFile; fileRef = D229724B22365CEE00FD8435 /* Main.storyboard */; };
		D229724F22365CEF00FD8435 /* Assets.xcassets in Resources */ = {isa = PBXBuildFile; fileRef = D229724E22365CEF00FD8435 /* Assets.xcassets */; };
		D229725222365CEF00FD8435 /* LaunchScreen.storyboard in Resources */ = {isa = PBXBuildFile; fileRef = D229725022365CEF00FD8435 /* LaunchScreen.storyboard */; };
		D2A8316E2236B79D00F235DF /* Item.swift in Sources */ = {isa = PBXBuildFile; fileRef = D2A8316D2236B79D00F235DF /* Item.swift */; };
/* End PBXBuildFile section */

/* Begin PBXFileReference section */
		D229724422365CEE00FD8435 /* Toodooy.app */ = {isa = PBXFileReference; explicitFileType = wrapper.application; includeInIndex = 0; path = Toodooy.app; sourceTree = BUILT_PRODUCTS_DIR; };
		D229724722365CEE00FD8435 /* AppDelegate.swift */ = {isa = PBXFileReference; lastKnownFileType = sourcecode.swift; path = AppDelegate.swift; sourceTree = "<group>"; };
		D229724922365CEE00FD8435 /* TodoListViewController.swift */ = {isa = PBXFileReference; lastKnownFileType = sourcecode.swift; path = TodoListViewController.swift; sourceTree = "<group>"; };
		D229724C22365CEE00FD8435 /* Base */ = {isa = PBXFileReference; lastKnownFileType = file.storyboard; name = Base; path = Base.lproj/Main.storyboard; sourceTree = "<group>"; };
		D229724E22365CEF00FD8435 /* Assets.xcassets */ = {isa = PBXFileReference; lastKnownFileType = folder.assetcatalog; path = Assets.xcassets; sourceTree = "<group>"; };
		D229725122365CEF00FD8435 /* Base */ = {isa = PBXFileReference; lastKnownFileType = file.storyboard; name = Base; path = Base.lproj/LaunchScreen.storyboard; sourceTree = "<group>"; };
		D229725322365CEF00FD8435 /* Info.plist */ = {isa = PBXFileReference; lastKnownFileType = text.plist.xml; path = Info.plist; sourceTree = "<group>"; };
		D2A8316D2236B79D00F235DF /* Item.swift */ = {isa = PBXFileReference; lastKnownFileType = sourcecode.swift; path = Item.swift; sourceTree = "<group>"; };
/* End PBXFileReference section */

/* Begin PBXFrameworksBuildPhase section */
		D229724122365CEE00FD8435 /* Frameworks */ = {
			isa = PBXFrameworksBuildPhase;
			buildActionMask = 2147483647;
			files = (
			);
			runOnlyForDeploymentPostprocessing = 0;
		};
/* End PBXFrameworksBuildPhase section */

/* Begin PBXGroup section */
		D229723B22365CEE00FD8435 = {
			isa = PBXGroup;
			children = (
				D229724622365CEE00FD8435 /* Toodooy */,
				D229724522365CEE00FD8435 /* Products */,
			);
			sourceTree = "<group>";
		};
		D229724522365CEE00FD8435 /* Products */ = {
			isa = PBXGroup;
			children = (
				D229724422365CEE00FD8435 /* Toodooy.app */,
			);
			name = Products;
			sourceTree = "<group>";
		};
		D229724622365CEE00FD8435 /* Toodooy */ = {
			isa = PBXGroup;
			children = (
				D229724722365CEE00FD8435 /* AppDelegate.swift */,
				D2A831712236B7D600F235DF /* Controllers */,
				D2A831702236B7B800F235DF /* Data Model */,
				D2A831722236B7E700F235DF /* Views */,
				D2A831732236B7FB00F235DF /* Supporting Files */,
				D229725322365CEF00FD8435 /* Info.plist */,
			);
			path = Toodooy;
			sourceTree = "<group>";
		};
		D2A831702236B7B800F235DF /* Data Model */ = {
			isa = PBXGroup;
			children = (
				D2A8316D2236B79D00F235DF /* Item.swift */,
			);
			path = "Data Model";
			sourceTree = "<group>";
		};
		D2A831712236B7D600F235DF /* Controllers */ = {
			isa = PBXGroup;
			children = (
				D229724922365CEE00FD8435 /* TodoListViewController.swift */,
			);
			path = Controllers;
			sourceTree = "<group>";
		};
		D2A831722236B7E700F235DF /* Views */ = {
			isa = PBXGroup;
			children = (
				D229724B22365CEE00FD8435 /* Main.storyboard */,
			);
			path = Views;
			sourceTree = "<group>";
		};
		D2A831732236B7FB00F235DF /* Supporting Files */ = {
			isa = PBXGroup;
			children = (
				D229724E22365CEF00FD8435 /* Assets.xcassets */,
				D229725022365CEF00FD8435 /* LaunchScreen.storyboard */,
			);
			path = "Supporting Files";
			sourceTree = "<group>";
		};
/* End PBXGroup section */

/* Begin PBXNativeTarget section */
		D229724322365CEE00FD8435 /* Toodooy */ = {
			isa = PBXNativeTarget;
			buildConfigurationList = D229725622365CEF00FD8435 /* Build configuration list for PBXNativeTarget "Toodooy" */;
			buildPhases = (
				D229724022365CEE00FD8435 /* Sources */,
				D229724122365CEE00FD8435 /* Frameworks */,
				D229724222365CEE00FD8435 /* Resources */,
			);
			buildRules = (
			);
			dependencies = (
			);
			name = Toodooy;
			productName = Toodooy;
			productReference = D229724422365CEE00FD8435 /* Toodooy.app */;
			productType = "com.apple.product-type.application";
		};
/* End PBXNativeTarget section */

/* Begin PBXProject section */
		D229723C22365CEE00FD8435 /* Project object */ = {
			isa = PBXProject;
			attributes = {
				LastSwiftUpdateCheck = 1010;
				LastUpgradeCheck = 1010;
				ORGANIZATIONNAME = "Giorgi Adeishvili";
				TargetAttributes = {
					D229724322365CEE00FD8435 = {
						CreatedOnToolsVersion = 10.1;
					};
				};
			};
			buildConfigurationList = D229723F22365CEE00FD8435 /* Build configuration list for PBXProject "Toodooy" */;
			compatibilityVersion = "Xcode 9.3";
			developmentRegion = en;
			hasScannedForEncodings = 0;
			knownRegions = (
				en,
				Base,
			);
			mainGroup = D229723B22365CEE00FD8435;
			productRefGroup = D229724522365CEE00FD8435 /* Products */;
			projectDirPath = "";
			projectRoot = "";
			targets = (
				D229724322365CEE00FD8435 /* Toodooy */,
			);
		};
/* End PBXProject section */

/* Begin PBXResourcesBuildPhase section */
		D229724222365CEE00FD8435 /* Resources */ = {
			isa = PBXResourcesBuildPhase;
			buildActionMask = 2147483647;
			files = (
				D229725222365CEF00FD8435 /* LaunchScreen.storyboard in Resources */,
				D229724F22365CEF00FD8435 /* Assets.xcassets in Resources */,
				D229724D22365CEE00FD8435 /* Main.storyboard in Resources */,
			);
			runOnlyForDeploymentPostprocessing = 0;
		};
/* End PBXResourcesBuildPhase section */

/* Begin PBXSourcesBuildPhase section */
		D229724022365CEE00FD8435 /* Sources */ = {
			isa = PBXSourcesBuildPhase;
			buildActionMask = 2147483647;
			files = (
				D229724A22365CEE00FD8435 /* TodoListViewController.swift in Sources */,
				D2A8316E2236B79D00F235DF /* Item.swift in Sources */,
				D229724822365CEE00FD8435 /* AppDelegate.swift in Sources */,
			);
			runOnlyForDeploymentPostprocessing = 0;
		};
/* End PBXSourcesBuildPhase section */

/* Begin PBXVariantGroup section */
		D229724B22365CEE00FD8435 /* Main.storyboard */ = {
			isa = PBXVariantGroup;
			children = (
				D229724C22365CEE00FD8435 /* Base */,
			);
			name = Main.storyboard;
			sourceTree = "<group>";
		};
		D229725022365CEF00FD8435 /* LaunchScreen.storyboard */ = {
			isa = PBXVariantGroup;
			children = (
				D229725122365CEF00FD8435 /* Base */,
			);
			name = LaunchScreen.storyboard;
			sourceTree = "<group>";
		};
/* End PBXVariantGroup section */

/* Begin XCBuildConfiguration section */
		D229725422365CEF00FD8435 /* Debug */ = {
			isa = XCBuildConfiguration;
			buildSettings = {
				ALWAYS_SEARCH_USER_PATHS = NO;
				CLANG_ANALYZER_NONNULL = YES;
				CLANG_ANALYZER_NUMBER_OBJECT_CONVERSION = YES_AGGRESSIVE;
				CLANG_CXX_LANGUAGE_STANDARD = "gnu++14";
				CLANG_CXX_LIBRARY = "libc++";
				CLANG_ENABLE_MODULES = YES;
				CLANG_ENABLE_OBJC_ARC = YES;
				CLANG_ENABLE_OBJC_WEAK = YES;
				CLANG_WARN_BLOCK_CAPTURE_AUTORELEASING = YES;
				CLANG_WARN_BOOL_CONVERSION = YES;
				CLANG_WARN_COMMA = YES;
				CLANG_WARN_CONSTANT_CONVERSION = YES;
				CLANG_WARN_DEPRECATED_OBJC_IMPLEMENTATIONS = YES;
				CLANG_WARN_DIRECT_OBJC_ISA_USAGE = YES_ERROR;
				CLANG_WARN_DOCUMENTATION_COMMENTS = YES;
				CLANG_WARN_EMPTY_BODY = YES;
				CLANG_WARN_ENUM_CONVERSION = YES;
				CLANG_WARN_INFINITE_RECURSION = YES;
				CLANG_WARN_INT_CONVERSION = YES;
				CLANG_WARN_NON_LITERAL_NULL_CONVERSION = YES;
				CLANG_WARN_OBJC_IMPLICIT_RETAIN_SELF = YES;
				CLANG_WARN_OBJC_LITERAL_CONVERSION = YES;
				CLANG_WARN_OBJC_ROOT_CLASS = YES_ERROR;
				CLANG_WARN_RANGE_LOOP_ANALYSIS = YES;
				CLANG_WARN_STRICT_PROTOTYPES = YES;
				CLANG_WARN_SUSPICIOUS_MOVE = YES;
				CLANG_WARN_UNGUARDED_AVAILABILITY = YES_AGGRESSIVE;
				CLANG_WARN_UNREACHABLE_CODE = YES;
				CLANG_WARN__DUPLICATE_METHOD_MATCH = YES;
				CODE_SIGN_IDENTITY = "iPhone Developer";
				COPY_PHASE_STRIP = NO;
				DEBUG_INFORMATION_FORMAT = dwarf;
				ENABLE_STRICT_OBJC_MSGSEND = YES;
				ENABLE_TESTABILITY = YES;
				GCC_C_LANGUAGE_STANDARD = gnu11;
				GCC_DYNAMIC_NO_PIC = NO;
				GCC_NO_COMMON_BLOCKS = YES;
				GCC_OPTIMIZATION_LEVEL = 0;
				GCC_PREPROCESSOR_DEFINITIONS = (
					"DEBUG=1",
					"$(inherited)",
				);
				GCC_WARN_64_TO_32_BIT_CONVERSION = YES;
				GCC_WARN_ABOUT_RETURN_TYPE = YES_ERROR;
				GCC_WARN_UNDECLARED_SELECTOR = YES;
				GCC_WARN_UNINITIALIZED_AUTOS = YES_AGGRESSIVE;
				GCC_WARN_UNUSED_FUNCTION = YES;
				GCC_WARN_UNUSED_VARIABLE = YES;
				IPHONEOS_DEPLOYMENT_TARGET = 12.1;
				MTL_ENABLE_DEBUG_INFO = INCLUDE_SOURCE;
				MTL_FAST_MATH = YES;
				ONLY_ACTIVE_ARCH = YES;
				SDKROOT = iphoneos;
				SWIFT_ACTIVE_COMPILATION_CONDITIONS = DEBUG;
				SWIFT_OPTIMIZATION_LEVEL = "-Onone";
			};
			name = Debug;
		};
		D229725522365CEF00FD8435 /* Release */ = {
			isa = XCBuildConfiguration;
			buildSettings = {
				ALWAYS_SEARCH_USER_PATHS = NO;
				CLANG_ANALYZER_NONNULL = YES;
				CLANG_ANALYZER_NUMBER_OBJECT_CONVERSION = YES_AGGRESSIVE;
				CLANG_CXX_LANGUAGE_STANDARD = "gnu++14";
				CLANG_CXX_LIBRARY = "libc++";
				CLANG_ENABLE_MODULES = YES;
				CLANG_ENABLE_OBJC_ARC = YES;
				CLANG_ENABLE_OBJC_WEAK = YES;
				CLANG_WARN_BLOCK_CAPTURE_AUTORELEASING = YES;
				CLANG_WARN_BOOL_CONVERSION = YES;
				CLANG_WARN_COMMA = YES;
				CLANG_WARN_CONSTANT_CONVERSION = YES;
				CLANG_WARN_DEPRECATED_OBJC_IMPLEMENTATIONS = YES;
				CLANG_WARN_DIRECT_OBJC_ISA_USAGE = YES_ERROR;
				CLANG_WARN_DOCUMENTATION_COMMENTS = YES;
				CLANG_WARN_EMPTY_BODY = YES;
				CLANG_WARN_ENUM_CONVERSION = YES;
				CLANG_WARN_INFINITE_RECURSION = YES;
				CLANG_WARN_INT_CONVERSION = YES;
				CLANG_WARN_NON_LITERAL_NULL_CONVERSION = YES;
				CLANG_WARN_OBJC_IMPLICIT_RETAIN_SELF = YES;
				CLANG_WARN_OBJC_LITERAL_CONVERSION = YES;
				CLANG_WARN_OBJC_ROOT_CLASS = YES_ERROR;
				CLANG_WARN_RANGE_LOOP_ANALYSIS = YES;
				CLANG_WARN_STRICT_PROTOTYPES = YES;
				CLANG_WARN_SUSPICIOUS_MOVE = YES;
				CLANG_WARN_UNGUARDED_AVAILABILITY = YES_AGGRESSIVE;
				CLANG_WARN_UNREACHABLE_CODE = YES;
				CLANG_WARN__DUPLICATE_METHOD_MATCH = YES;
				CODE_SIGN_IDENTITY = "iPhone Developer";
				COPY_PHASE_STRIP = NO;
				DEBUG_INFORMATION_FORMAT = "dwarf-with-dsym";
				ENABLE_NS_ASSERTIONS = NO;
				ENABLE_STRICT_OBJC_MSGSEND = YES;
				GCC_C_LANGUAGE_STANDARD = gnu11;
				GCC_NO_COMMON_BLOCKS = YES;
				GCC_WARN_64_TO_32_BIT_CONVERSION = YES;
				GCC_WARN_ABOUT_RETURN_TYPE = YES_ERROR;
				GCC_WARN_UNDECLARED_SELECTOR = YES;
				GCC_WARN_UNINITIALIZED_AUTOS = YES_AGGRESSIVE;
				GCC_WARN_UNUSED_FUNCTION = YES;
				GCC_WARN_UNUSED_VARIABLE = YES;
				IPHONEOS_DEPLOYMENT_TARGET = 12.1;
				MTL_ENABLE_DEBUG_INFO = NO;
				MTL_FAST_MATH = YES;
				SDKROOT = iphoneos;
				SWIFT_COMPILATION_MODE = wholemodule;
				SWIFT_OPTIMIZATION_LEVEL = "-O";
				VALIDATE_PRODUCT = YES;
			};
			name = Release;
		};
		D229725722365CEF00FD8435 /* Debug */ = {
			isa = XCBuildConfiguration;
			buildSettings = {
				ASSETCATALOG_COMPILER_APPICON_NAME = AppIcon;
				CODE_SIGN_STYLE = Automatic;
				DEVELOPMENT_TEAM = "";
				INFOPLIST_FILE = Toodooy/Info.plist;
				LD_RUNPATH_SEARCH_PATHS = (
					"$(inherited)",
					"@executable_path/Frameworks",
				);
				PRODUCT_BUNDLE_IDENTIFIER = ai.systemcorp.Toodooy;
				PRODUCT_NAME = "$(TARGET_NAME)";
				SWIFT_VERSION = 4.2;
				TARGETED_DEVICE_FAMILY = 1;
			};
			name = Debug;
		};
		D229725822365CEF00FD8435 /* Release */ = {
			isa = XCBuildConfiguration;
			buildSettings = {
				ASSETCATALOG_COMPILER_APPICON_NAME = AppIcon;
				CODE_SIGN_STYLE = Automatic;
				DEVELOPMENT_TEAM = "";
				INFOPLIST_FILE = Toodooy/Info.plist;
				LD_RUNPATH_SEARCH_PATHS = (
					"$(inherited)",
					"@executable_path/Frameworks",
				);
				PRODUCT_BUNDLE_IDENTIFIER = ai.systemcorp.Toodooy;
				PRODUCT_NAME = "$(TARGET_NAME)";
				SWIFT_VERSION = 4.2;
				TARGETED_DEVICE_FAMILY = 1;
			};
			name = Release;
		};
/* End XCBuildConfiguration section */

/* Begin XCConfigurationList section */
		D229723F22365CEE00FD8435 /* Build configuration list for PBXProject "Toodooy" */ = {
			isa = XCConfigurationList;
			buildConfigurations = (
				D229725422365CEF00FD8435 /* Debug */,
				D229725522365CEF00FD8435 /* Release */,
			);
			defaultConfigurationIsVisible = 0;
			defaultConfigurationName = Release;
		};
		D229725622365CEF00FD8435 /* Build configuration list for PBXNativeTarget "Toodooy" */ = {
			isa = XCConfigurationList;
			buildConfigurations = (
				D229725722365CEF00FD8435 /* Debug */,
				D229725822365CEF00FD8435 /* Release */,
			);
			defaultConfigurationIsVisible = 0;
			defaultConfigurationName = Release;
		};
/* End XCConfigurationList section */
	};
	rootObject = D229723C22365CEE00FD8435 /* Project object */;
}
